{
  "name": "@dovakhin/my_add_sub_package",
  "version": "1.0.1",
  "description": "A simple CLI for addition and subtraction",
  "main": "index.js",
  "bin": {
    "calculator-cli": "./index.js"
  },
  "dependencies": {
    "inquirer": "^8.2.4"
  },
  "scripts": {
    "start": "node index.js"
  },
  "author": "AbdulRafay",
  "license": "MIT"
}
